
Microsoft Visual Studio Solution File, Format Version 12.00
# Visual Studio Version 16
VisualStudioVersion = 16.0.31911.196
MinimumVisualStudioVersion = 10.0.40219.1
Project("{FAE04EC0-301F-11D3-BF4B-00C04F79EFBC}") = "Reto 4 Restaurante", "Reto 4 Restaurante\Reto 4 Restaurante.csproj", "{7F06B3F8-A66E-46EB-935B-5A42B0B5C064}"
EndProject
Global
	GlobalSection(SolutionConfigurationPlatforms) = preSolution
		Debug|Any CPU = Debug|Any CPU
		Release|Any CPU = Release|Any CPU
	EndGlobalSection
	GlobalSection(ProjectConfigurationPlatforms) = postSolution
		{7F06B3F8-A66E-46EB-935B-5A42B0B5C064}.Debug|Any CPU.ActiveCfg = Debug|Any CPU
		{7F06B3F8-A66E-46EB-935B-5A42B0B5C064}.Debug|Any CPU.Build.0 = Debug|Any CPU
		{7F06B3F8-A66E-46EB-935B-5A42B0B5C064}.Release|Any CPU.ActiveCfg = Release|Any CPU
		{7F06B3F8-A66E-46EB-935B-5A42B0B5C064}.Release|Any CPU.Build.0 = Release|Any CPU
	EndGlobalSection
	GlobalSection(SolutionProperties) = preSolution
		HideSolutionNode = FALSE
	EndGlobalSection
	GlobalSection(ExtensibilityGlobals) = postSolution
		SolutionGuid = {0EAB4C3B-8685-45BD-A33F-4A51BBF14019}
	EndGlobalSection
EndGlobal
